
Microsoft Visual Studio Solution File, Format Version 12.00
# Visual Studio 14
VisualStudioVersion = 14.0.23107.0
MinimumVisualStudioVersion = 10.0.40219.1
Project("{FAE04EC0-301F-11D3-BF4B-00C04F79EFBC}") = "Prtg.Sensor.Couchbase", "Prtg.Sensor.Couchbase\Prtg.Sensor.Couchbase.csproj", "{7D6A6F25-069A-471B-BF16-894FE31BE0EE}"
EndProject
Project("{FAE04EC0-301F-11D3-BF4B-00C04F79EFBC}") = "Prtg.Sensor.Couchbase.Tests", "Prtg.Sensor.Couchbase.Tests\Prtg.Sensor.Couchbase.Tests.csproj", "{EBD13878-0DC3-42AF-A443-3B5E18C9B8FD}"
EndProject
Global
	GlobalSection(SolutionConfigurationPlatforms) = preSolution
		Debug|Any CPU = Debug|Any CPU
		Release|Any CPU = Release|Any CPU
	EndGlobalSection
	GlobalSection(ProjectConfigurationPlatforms) = postSolution
		{7D6A6F25-069A-471B-BF16-894FE31BE0EE}.Debug|Any CPU.ActiveCfg = Debug|Any CPU
		{7D6A6F25-069A-471B-BF16-894FE31BE0EE}.Debug|Any CPU.Build.0 = Debug|Any CPU
		{7D6A6F25-069A-471B-BF16-894FE31BE0EE}.Release|Any CPU.ActiveCfg = Release|Any CPU
		{7D6A6F25-069A-471B-BF16-894FE31BE0EE}.Release|Any CPU.Build.0 = Release|Any CPU
		{EBD13878-0DC3-42AF-A443-3B5E18C9B8FD}.Debug|Any CPU.ActiveCfg = Debug|Any CPU
		{EBD13878-0DC3-42AF-A443-3B5E18C9B8FD}.Debug|Any CPU.Build.0 = Debug|Any CPU
		{EBD13878-0DC3-42AF-A443-3B5E18C9B8FD}.Release|Any CPU.ActiveCfg = Release|Any CPU
		{EBD13878-0DC3-42AF-A443-3B5E18C9B8FD}.Release|Any CPU.Build.0 = Release|Any CPU
	EndGlobalSection
	GlobalSection(SolutionProperties) = preSolution
		HideSolutionNode = FALSE
	EndGlobalSection
EndGlobal
